
Microsoft Visual Studio Solution File, Format Version 12.00
# Visual Studio Version 17
VisualStudioVersion = 17.1.32421.90
MinimumVisualStudioVersion = 10.0.40219.1
Project("{FAE04EC0-301F-11D3-BF4B-00C04F79EFBC}") = "Atividade_BIM2", "Atividade_BIM2\Atividade_BIM2.csproj", "{433C377A-AEC5-4474-B5CB-7378E3A65DD9}"
EndProject
Global
	GlobalSection(SolutionConfigurationPlatforms) = preSolution
		Debug|Any CPU = Debug|Any CPU
		Release|Any CPU = Release|Any CPU
	EndGlobalSection
	GlobalSection(ProjectConfigurationPlatforms) = postSolution
		{433C377A-AEC5-4474-B5CB-7378E3A65DD9}.Debug|Any CPU.ActiveCfg = Debug|Any CPU
		{433C377A-AEC5-4474-B5CB-7378E3A65DD9}.Debug|Any CPU.Build.0 = Debug|Any CPU
		{433C377A-AEC5-4474-B5CB-7378E3A65DD9}.Release|Any CPU.ActiveCfg = Release|Any CPU
		{433C377A-AEC5-4474-B5CB-7378E3A65DD9}.Release|Any CPU.Build.0 = Release|Any CPU
	EndGlobalSection
	GlobalSection(SolutionProperties) = preSolution
		HideSolutionNode = FALSE
	EndGlobalSection
	GlobalSection(ExtensibilityGlobals) = postSolution
		SolutionGuid = {2797F047-4498-4D4A-8FFB-3020612CEEF3}
	EndGlobalSection
EndGlobal
